// !$*UTF8*$!
{
	archiveVersion = 1;
	classes = {
	};
	objectVersion = 55;
	objects = {

/* Begin PBXBuildFile section */
		99A9139C274A3AF8007A0069 /* PremiumInsurance.docc in Sources */ = {isa = PBXBuildFile; fileRef = 99A9139B274A3AF8007A0069 /* PremiumInsurance.docc */; };
		99A913A2274A3AF8007A0069 /* PremiumInsurance.framework in Frameworks */ = {isa = PBXBuildFile; fileRef = 99A91397274A3AF8007A0069 /* PremiumInsurance.framework */; };
		99A913A7274A3AF8007A0069 /* PremiumInsuranceTests.swift in Sources */ = {isa = PBXBuildFile; fileRef = 99A913A6274A3AF8007A0069 /* PremiumInsuranceTests.swift */; };
		99A913A8274A3AF8007A0069 /* PremiumInsurance.h in Headers */ = {isa = PBXBuildFile; fileRef = 99A9139A274A3AF8007A0069 /* PremiumInsurance.h */; settings = {ATTRIBUTES = (Public, ); }; };
		99A913B4274A3C81007A0069 /* InsuranceListViewController.swift in Sources */ = {isa = PBXBuildFile; fileRef = 99A913B2274A3C81007A0069 /* InsuranceListViewController.swift */; };
		99A913B5274A3C81007A0069 /* InsuranceListViewController.xib in Resources */ = {isa = PBXBuildFile; fileRef = 99A913B3274A3C81007A0069 /* InsuranceListViewController.xib */; };
		99A913B7274A3C90007A0069 /* IPInsuranceManager.swift in Sources */ = {isa = PBXBuildFile; fileRef = 99A913B6274A3C90007A0069 /* IPInsuranceManager.swift */; };
/* End PBXBuildFile section */

/* Begin PBXContainerItemProxy section */
		99A913A3274A3AF8007A0069 /* PBXContainerItemProxy */ = {
			isa = PBXContainerItemProxy;
			containerPortal = 99A9138E274A3AF8007A0069 /* Project object */;
			proxyType = 1;
			remoteGlobalIDString = 99A91396274A3AF8007A0069;
			remoteInfo = PremiumInsurance;
		};
/* End PBXContainerItemProxy section */

/* Begin PBXFileReference section */
		99A91397274A3AF8007A0069 /* PremiumInsurance.framework */ = {isa = PBXFileReference; explicitFileType = wrapper.framework; includeInIndex = 0; path = PremiumInsurance.framework; sourceTree = BUILT_PRODUCTS_DIR; };
		99A9139A274A3AF8007A0069 /* PremiumInsurance.h */ = {isa = PBXFileReference; lastKnownFileType = sourcecode.c.h; path = PremiumInsurance.h; sourceTree = "<group>"; };
		99A9139B274A3AF8007A0069 /* PremiumInsurance.docc */ = {isa = PBXFileReference; lastKnownFileType = folder.documentationcatalog; path = PremiumInsurance.docc; sourceTree = "<group>"; };
		99A913A1274A3AF8007A0069 /* PremiumInsuranceTests.xctest */ = {isa = PBXFileReference; explicitFileType = wrapper.cfbundle; includeInIndex = 0; path = PremiumInsuranceTests.xctest; sourceTree = BUILT_PRODUCTS_DIR; };
		99A913A6274A3AF8007A0069 /* PremiumInsuranceTests.swift */ = {isa = PBXFileReference; lastKnownFileType = sourcecode.swift; path = PremiumInsuranceTests.swift; sourceTree = "<group>"; };
		99A913B2274A3C81007A0069 /* InsuranceListViewController.swift */ = {isa = PBXFileReference; fileEncoding = 4; lastKnownFileType = sourcecode.swift; path = InsuranceListViewController.swift; sourceTree = "<group>"; };
		99A913B3274A3C81007A0069 /* InsuranceListViewController.xib */ = {isa = PBXFileReference; fileEncoding = 4; lastKnownFileType = file.xib; path = InsuranceListViewController.xib; sourceTree = "<group>"; };
		99A913B6274A3C90007A0069 /* IPInsuranceManager.swift */ = {isa = PBXFileReference; fileEncoding = 4; lastKnownFileType = sourcecode.swift; path = IPInsuranceManager.swift; sourceTree = "<group>"; };
/* End PBXFileReference section */

/* Begin PBXFrameworksBuildPhase section */
		99A91394274A3AF8007A0069 /* Frameworks */ = {
			isa = PBXFrameworksBuildPhase;
			buildActionMask = 2147483647;
			files = (
			);
			runOnlyForDeploymentPostprocessing = 0;
		};
		99A9139E274A3AF8007A0069 /* Frameworks */ = {
			isa = PBXFrameworksBuildPhase;
			buildActionMask = 2147483647;
			files = (
				99A913A2274A3AF8007A0069 /* PremiumInsurance.framework in Frameworks */,
			);
			runOnlyForDeploymentPostprocessing = 0;
		};
/* End PBXFrameworksBuildPhase section */

/* Begin PBXGroup section */
		99A9138D274A3AF8007A0069 = {
			isa = PBXGroup;
			children = (
				99A91399274A3AF8007A0069 /* PremiumInsurance */,
				99A913A5274A3AF8007A0069 /* PremiumInsuranceTests */,
				99A91398274A3AF8007A0069 /* Products */,
			);
			sourceTree = "<group>";
		};
		99A91398274A3AF8007A0069 /* Products */ = {
			isa = PBXGroup;
			children = (
				99A91397274A3AF8007A0069 /* PremiumInsurance.framework */,
				99A913A1274A3AF8007A0069 /* PremiumInsuranceTests.xctest */,
			);
			name = Products;
			sourceTree = "<group>";
		};
		99A91399274A3AF8007A0069 /* PremiumInsurance */ = {
			isa = PBXGroup;
			children = (
				99A913B6274A3C90007A0069 /* IPInsuranceManager.swift */,
				99A913B1274A3C81007A0069 /* Scenes */,
				99A9139A274A3AF8007A0069 /* PremiumInsurance.h */,
				99A9139B274A3AF8007A0069 /* PremiumInsurance.docc */,
			);
			path = PremiumInsurance;
			sourceTree = "<group>";
		};
		99A913A5274A3AF8007A0069 /* PremiumInsuranceTests */ = {
			isa = PBXGroup;
			children = (
				99A913A6274A3AF8007A0069 /* PremiumInsuranceTests.swift */,
			);
			path = PremiumInsuranceTests;
			sourceTree = "<group>";
		};
		99A913B1274A3C81007A0069 /* Scenes */ = {
			isa = PBXGroup;
			children = (
				99A913B2274A3C81007A0069 /* InsuranceListViewController.swift */,
				99A913B3274A3C81007A0069 /* InsuranceListViewController.xib */,
			);
			path = Scenes;
			sourceTree = "<group>";
		};
/* End PBXGroup section */

/* Begin PBXHeadersBuildPhase section */
		99A91392274A3AF8007A0069 /* Headers */ = {
			isa = PBXHeadersBuildPhase;
			buildActionMask = 2147483647;
			files = (
				99A913A8274A3AF8007A0069 /* PremiumInsurance.h in Headers */,
			);
			runOnlyForDeploymentPostprocessing = 0;
		};
/* End PBXHeadersBuildPhase section */

/* Begin PBXNativeTarget section */
		99A91396274A3AF8007A0069 /* PremiumInsurance */ = {
			isa = PBXNativeTarget;
			buildConfigurationList = 99A913AB274A3AF8007A0069 /* Build configuration list for PBXNativeTarget "PremiumInsurance" */;
			buildPhases = (
				99A91392274A3AF8007A0069 /* Headers */,
				99A91393274A3AF8007A0069 /* Sources */,
				99A91394274A3AF8007A0069 /* Frameworks */,
				99A91395274A3AF8007A0069 /* Resources */,
			);
			buildRules = (
			);
			dependencies = (
			);
			name = PremiumInsurance;
			productName = PremiumInsurance;
			productReference = 99A91397274A3AF8007A0069 /* PremiumInsurance.framework */;
			productType = "com.apple.product-type.framework";
		};
		99A913A0274A3AF8007A0069 /* PremiumInsuranceTests */ = {
			isa = PBXNativeTarget;
			buildConfigurationList = 99A913AE274A3AF8007A0069 /* Build configuration list for PBXNativeTarget "PremiumInsuranceTests" */;
			buildPhases = (
				99A9139D274A3AF8007A0069 /* Sources */,
				99A9139E274A3AF8007A0069 /* Frameworks */,
				99A9139F274A3AF8007A0069 /* Resources */,
			);
			buildRules = (
			);
			dependencies = (
				99A913A4274A3AF8007A0069 /* PBXTargetDependency */,
			);
			name = PremiumInsuranceTests;
			productName = PremiumInsuranceTests;
			productReference = 99A913A1274A3AF8007A0069 /* PremiumInsuranceTests.xctest */;
			productType = "com.apple.product-type.bundle.unit-test";
		};
/* End PBXNativeTarget section */

/* Begin PBXProject section */
		99A9138E274A3AF8007A0069 /* Project object */ = {
			isa = PBXProject;
			attributes = {
				BuildIndependentTargetsInParallel = 1;
				LastSwiftUpdateCheck = 1310;
				LastUpgradeCheck = 1310;
				TargetAttributes = {
					99A91396274A3AF8007A0069 = {
						CreatedOnToolsVersion = 13.1;
					};
					99A913A0274A3AF8007A0069 = {
						CreatedOnToolsVersion = 13.1;
					};
				};
			};
			buildConfigurationList = 99A91391274A3AF8007A0069 /* Build configuration list for PBXProject "PremiumInsurance" */;
			compatibilityVersion = "Xcode 13.0";
			developmentRegion = en;
			hasScannedForEncodings = 0;
			knownRegions = (
				en,
				Base,
			);
			mainGroup = 99A9138D274A3AF8007A0069;
			productRefGroup = 99A91398274A3AF8007A0069 /* Products */;
			projectDirPath = "";
			projectRoot = "";
			targets = (
				99A91396274A3AF8007A0069 /* PremiumInsurance */,
				99A913A0274A3AF8007A0069 /* PremiumInsuranceTests */,
			);
		};
/* End PBXProject section */

/* Begin PBXResourcesBuildPhase section */
		99A91395274A3AF8007A0069 /* Resources */ = {
			isa = PBXResourcesBuildPhase;
			buildActionMask = 2147483647;
			files = (
				99A913B5274A3C81007A0069 /* InsuranceListViewController.xib in Resources */,
			);
			runOnlyForDeploymentPostprocessing = 0;
		};
		99A9139F274A3AF8007A0069 /* Resources */ = {
			isa = PBXResourcesBuildPhase;
			buildActionMask = 2147483647;
			files = (
			);
			runOnlyForDeploymentPostprocessing = 0;
		};
/* End PBXResourcesBuildPhase section */

/* Begin PBXSourcesBuildPhase section */
		99A91393274A3AF8007A0069 /* Sources */ = {
			isa = PBXSourcesBuildPhase;
			buildActionMask = 2147483647;
			files = (
				99A913B7274A3C90007A0069 /* IPInsuranceManager.swift in Sources */,
				99A9139C274A3AF8007A0069 /* PremiumInsurance.docc in Sources */,
				99A913B4274A3C81007A0069 /* InsuranceListViewController.swift in Sources */,
			);
			runOnlyForDeploymentPostprocessing = 0;
		};
		99A9139D274A3AF8007A0069 /* Sources */ = {
			isa = PBXSourcesBuildPhase;
			buildActionMask = 2147483647;
			files = (
				99A913A7274A3AF8007A0069 /* PremiumInsuranceTests.swift in Sources */,
			);
			runOnlyForDeploymentPostprocessing = 0;
		};
/* End PBXSourcesBuildPhase section */

/* Begin PBXTargetDependency section */
		99A913A4274A3AF8007A0069 /* PBXTargetDependency */ = {
			isa = PBXTargetDependency;
			target = 99A91396274A3AF8007A0069 /* PremiumInsurance */;
			targetProxy = 99A913A3274A3AF8007A0069 /* PBXContainerItemProxy */;
		};
/* End PBXTargetDependency section */

/* Begin XCBuildConfiguration section */
		99A913A9274A3AF8007A0069 /* Debug */ = {
			isa = XCBuildConfiguration;
			buildSettings = {
				ALWAYS_SEARCH_USER_PATHS = NO;
				CLANG_ANALYZER_NONNULL = YES;
				CLANG_ANALYZER_NUMBER_OBJECT_CONVERSION = YES_AGGRESSIVE;
				CLANG_CXX_LANGUAGE_STANDARD = "gnu++17";
				CLANG_CXX_LIBRARY = "libc++";
				CLANG_ENABLE_MODULES = YES;
				CLANG_ENABLE_OBJC_ARC = YES;
				CLANG_ENABLE_OBJC_WEAK = YES;
				CLANG_WARN_BLOCK_CAPTURE_AUTORELEASING = YES;
				CLANG_WARN_BOOL_CONVERSION = YES;
				CLANG_WARN_COMMA = YES;
				CLANG_WARN_CONSTANT_CONVERSION = YES;
				CLANG_WARN_DEPRECATED_OBJC_IMPLEMENTATIONS = YES;
				CLANG_WARN_DIRECT_OBJC_ISA_USAGE = YES_ERROR;
				CLANG_WARN_DOCUMENTATION_COMMENTS = YES;
				CLANG_WARN_EMPTY_BODY = YES;
				CLANG_WARN_ENUM_CONVERSION = YES;
				CLANG_WARN_INFINITE_RECURSION = YES;
				CLANG_WARN_INT_CONVERSION = YES;
				CLANG_WARN_NON_LITERAL_NULL_CONVERSION = YES;
				CLANG_WARN_OBJC_IMPLICIT_RETAIN_SELF = YES;
				CLANG_WARN_OBJC_LITERAL_CONVERSION = YES;
				CLANG_WARN_OBJC_ROOT_CLASS = YES_ERROR;
				CLANG_WARN_QUOTED_INCLUDE_IN_FRAMEWORK_HEADER = YES;
				CLANG_WARN_RANGE_LOOP_ANALYSIS = YES;
				CLANG_WARN_STRICT_PROTOTYPES = YES;
				CLANG_WARN_SUSPICIOUS_MOVE = YES;
				CLANG_WARN_UNGUARDED_AVAILABILITY = YES_AGGRESSIVE;
				CLANG_WARN_UNREACHABLE_CODE = YES;
				CLANG_WARN__DUPLICATE_METHOD_MATCH = YES;
				COPY_PHASE_STRIP = NO;
				CURRENT_PROJECT_VERSION = 1;
				DEBUG_INFORMATION_FORMAT = dwarf;
				ENABLE_STRICT_OBJC_MSGSEND = YES;
				ENABLE_TESTABILITY = YES;
				GCC_C_LANGUAGE_STANDARD = gnu11;
				GCC_DYNAMIC_NO_PIC = NO;
				GCC_NO_COMMON_BLOCKS = YES;
				GCC_OPTIMIZATION_LEVEL = 0;
				GCC_PREPROCESSOR_DEFINITIONS = (
					"DEBUG=1",
					"$(inherited)",
				);
				GCC_WARN_64_TO_32_BIT_CONVERSION = YES;
				GCC_WARN_ABOUT_RETURN_TYPE = YES_ERROR;
				GCC_WARN_UNDECLARED_SELECTOR = YES;
				GCC_WARN_UNINITIALIZED_AUTOS = YES_AGGRESSIVE;
				GCC_WARN_UNUSED_FUNCTION = YES;
				GCC_WARN_UNUSED_VARIABLE = YES;
				IPHONEOS_DEPLOYMENT_TARGET = 15.0;
				MTL_ENABLE_DEBUG_INFO = INCLUDE_SOURCE;
				MTL_FAST_MATH = YES;
				ONLY_ACTIVE_ARCH = YES;
				SDKROOT = iphoneos;
				SWIFT_ACTIVE_COMPILATION_CONDITIONS = DEBUG;
				SWIFT_OPTIMIZATION_LEVEL = "-Onone";
				VERSIONING_SYSTEM = "apple-generic";
				VERSION_INFO_PREFIX = "";
			};
			name = Debug;
		};
		99A913AA274A3AF8007A0069 /* Release */ = {
			isa = XCBuildConfiguration;
			buildSettings = {
				ALWAYS_SEARCH_USER_PATHS = NO;
				CLANG_ANALYZER_NONNULL = YES;
				CLANG_ANALYZER_NUMBER_OBJECT_CONVERSION = YES_AGGRESSIVE;
				CLANG_CXX_LANGUAGE_STANDARD = "gnu++17";
				CLANG_CXX_LIBRARY = "libc++";
				CLANG_ENABLE_MODULES = YES;
				CLANG_ENABLE_OBJC_ARC = YES;
				CLANG_ENABLE_OBJC_WEAK = YES;
				CLANG_WARN_BLOCK_CAPTURE_AUTORELEASING = YES;
				CLANG_WARN_BOOL_CONVERSION = YES;
				CLANG_WARN_COMMA = YES;
				CLANG_WARN_CONSTANT_CONVERSION = YES;
				CLANG_WARN_DEPRECATED_OBJC_IMPLEMENTATIONS = YES;
				CLANG_WARN_DIRECT_OBJC_ISA_USAGE = YES_ERROR;
				CLANG_WARN_DOCUMENTATION_COMMENTS = YES;
				CLANG_WARN_EMPTY_BODY = YES;
				CLANG_WARN_ENUM_CONVERSION = YES;
				CLANG_WARN_INFINITE_RECURSION = YES;
				CLANG_WARN_INT_CONVERSION = YES;
				CLANG_WARN_NON_LITERAL_NULL_CONVERSION = YES;
				CLANG_WARN_OBJC_IMPLICIT_RETAIN_SELF = YES;
				CLANG_WARN_OBJC_LITERAL_CONVERSION = YES;
				CLANG_WARN_OBJC_ROOT_CLASS = YES_ERROR;
				CLANG_WARN_QUOTED_INCLUDE_IN_FRAMEWORK_HEADER = YES;
				CLANG_WARN_RANGE_LOOP_ANALYSIS = YES;
				CLANG_WARN_STRICT_PROTOTYPES = YES;
				CLANG_WARN_SUSPICIOUS_MOVE = YES;
				CLANG_WARN_UNGUARDED_AVAILABILITY = YES_AGGRESSIVE;
				CLANG_WARN_UNREACHABLE_CODE = YES;
				CLANG_WARN__DUPLICATE_METHOD_MATCH = YES;
				COPY_PHASE_STRIP = NO;
				CURRENT_PROJECT_VERSION = 1;
				DEBUG_INFORMATION_FORMAT = "dwarf-with-dsym";
				ENABLE_NS_ASSERTIONS = NO;
				ENABLE_STRICT_OBJC_MSGSEND = YES;
				GCC_C_LANGUAGE_STANDARD = gnu11;
				GCC_NO_COMMON_BLOCKS = YES;
				GCC_WARN_64_TO_32_BIT_CONVERSION = YES;
				GCC_WARN_ABOUT_RETURN_TYPE = YES_ERROR;
				GCC_WARN_UNDECLARED_SELECTOR = YES;
				GCC_WARN_UNINITIALIZED_AUTOS = YES_AGGRESSIVE;
				GCC_WARN_UNUSED_FUNCTION = YES;
				GCC_WARN_UNUSED_VARIABLE = YES;
				IPHONEOS_DEPLOYMENT_TARGET = 15.0;
				MTL_ENABLE_DEBUG_INFO = NO;
				MTL_FAST_MATH = YES;
				SDKROOT = iphoneos;
				SWIFT_COMPILATION_MODE = wholemodule;
				SWIFT_OPTIMIZATION_LEVEL = "-O";
				VALIDATE_PRODUCT = YES;
				VERSIONING_SYSTEM = "apple-generic";
				VERSION_INFO_PREFIX = "";
			};
			name = Release;
		};
		99A913AC274A3AF8007A0069 /* Debug */ = {
			isa = XCBuildConfiguration;
			buildSettings = {
				BUILD_LIBRARY_FOR_DISTRIBUTION = YES;
				CODE_SIGN_STYLE = Automatic;
				CURRENT_PROJECT_VERSION = 1;
				DEFINES_MODULE = YES;
				DEVELOPMENT_TEAM = Z87722F955;
				DYLIB_COMPATIBILITY_VERSION = 1;
				DYLIB_CURRENT_VERSION = 1;
				DYLIB_INSTALL_NAME_BASE = "@rpath";
				GENERATE_INFOPLIST_FILE = YES;
				INFOPLIST_KEY_NSHumanReadableCopyright = "";
				INSTALL_PATH = "$(LOCAL_LIBRARY_DIR)/Frameworks";
				LD_RUNPATH_SEARCH_PATHS = (
					"$(inherited)",
					"@executable_path/Frameworks",
					"@loader_path/Frameworks",
				);
				MARKETING_VERSION = 1.0;
				PRODUCT_BUNDLE_IDENTIFIER = com.PremiumInsurance;
				PRODUCT_NAME = "$(TARGET_NAME:c99extidentifier)";
				SKIP_INSTALL = YES;
				SWIFT_EMIT_LOC_STRINGS = YES;
				SWIFT_VERSION = 5.0;
				TARGETED_DEVICE_FAMILY = "1,2";
			};
			name = Debug;
		};
		99A913AD274A3AF8007A0069 /* Release */ = {
			isa = XCBuildConfiguration;
			buildSettings = {
				BUILD_LIBRARY_FOR_DISTRIBUTION = YES;
				CODE_SIGN_STYLE = Automatic;
				CURRENT_PROJECT_VERSION = 1;
				DEFINES_MODULE = YES;
				DEVELOPMENT_TEAM = Z87722F955;
				DYLIB_COMPATIBILITY_VERSION = 1;
				DYLIB_CURRENT_VERSION = 1;
				DYLIB_INSTALL_NAME_BASE = "@rpath";
				GENERATE_INFOPLIST_FILE = YES;
				INFOPLIST_KEY_NSHumanReadableCopyright = "";
				INSTALL_PATH = "$(LOCAL_LIBRARY_DIR)/Frameworks";
				LD_RUNPATH_SEARCH_PATHS = (
					"$(inherited)",
					"@executable_path/Frameworks",
					"@loader_path/Frameworks",
				);
				MARKETING_VERSION = 1.0;
				PRODUCT_BUNDLE_IDENTIFIER = com.PremiumInsurance;
				PRODUCT_NAME = "$(TARGET_NAME:c99extidentifier)";
				SKIP_INSTALL = YES;
				SWIFT_EMIT_LOC_STRINGS = YES;
				SWIFT_VERSION = 5.0;
				TARGETED_DEVICE_FAMILY = "1,2";
			};
			name = Release;
		};
		99A913AF274A3AF8007A0069 /* Debug */ = {
			isa = XCBuildConfiguration;
			buildSettings = {
				ALWAYS_EMBED_SWIFT_STANDARD_LIBRARIES = YES;
				CODE_SIGN_STYLE = Automatic;
				CURRENT_PROJECT_VERSION = 1;
				DEVELOPMENT_TEAM = Z87722F955;
				GENERATE_INFOPLIST_FILE = YES;
				LD_RUNPATH_SEARCH_PATHS = (
					"$(inherited)",
					"@executable_path/Frameworks",
					"@loader_path/Frameworks",
				);
				MARKETING_VERSION = 1.0;
				PRODUCT_BUNDLE_IDENTIFIER = com.PremiumInsuranceTests;
				PRODUCT_NAME = "$(TARGET_NAME)";
				SWIFT_EMIT_LOC_STRINGS = NO;
				SWIFT_VERSION = 5.0;
				TARGETED_DEVICE_FAMILY = "1,2";
			};
			name = Debug;
		};
		99A913B0274A3AF8007A0069 /* Release */ = {
			isa = XCBuildConfiguration;
			buildSettings = {
				ALWAYS_EMBED_SWIFT_STANDARD_LIBRARIES = YES;
				CODE_SIGN_STYLE = Automatic;
				CURRENT_PROJECT_VERSION = 1;
				DEVELOPMENT_TEAM = Z87722F955;
				GENERATE_INFOPLIST_FILE = YES;
				LD_RUNPATH_SEARCH_PATHS = (
					"$(inherited)",
					"@executable_path/Frameworks",
					"@loader_path/Frameworks",
				);
				MARKETING_VERSION = 1.0;
				PRODUCT_BUNDLE_IDENTIFIER = com.PremiumInsuranceTests;
				PRODUCT_NAME = "$(TARGET_NAME)";
				SWIFT_EMIT_LOC_STRINGS = NO;
				SWIFT_VERSION = 5.0;
				TARGETED_DEVICE_FAMILY = "1,2";
			};
			name = Release;
		};
/* End XCBuildConfiguration section */

/* Begin XCConfigurationList section */
		99A91391274A3AF8007A0069 /* Build configuration list for PBXProject "PremiumInsurance" */ = {
			isa = XCConfigurationList;
			buildConfigurations = (
				99A913A9274A3AF8007A0069 /* Debug */,
				99A913AA274A3AF8007A0069 /* Release */,
			);
			defaultConfigurationIsVisible = 0;
			defaultConfigurationName = Release;
		};
		99A913AB274A3AF8007A0069 /* Build configuration list for PBXNativeTarget "PremiumInsurance" */ = {
			isa = XCConfigurationList;
			buildConfigurations = (
				99A913AC274A3AF8007A0069 /* Debug */,
				99A913AD274A3AF8007A0069 /* Release */,
			);
			defaultConfigurationIsVisible = 0;
			defaultConfigurationName = Release;
		};
		99A913AE274A3AF8007A0069 /* Build configuration list for PBXNativeTarget "PremiumInsuranceTests" */ = {
			isa = XCConfigurationList;
			buildConfigurations = (
				99A913AF274A3AF8007A0069 /* Debug */,
				99A913B0274A3AF8007A0069 /* Release */,
			);
			defaultConfigurationIsVisible = 0;
			defaultConfigurationName = Release;
		};
/* End XCConfigurationList section */
	};
	rootObject = 99A9138E274A3AF8007A0069 /* Project object */;
}
